{
    "_meta": {
        "hash": {
            "sha256": "b40adc34d07ce31e3096baa5399e13dfcc5a6793ec719ffe6eaeecd1b9ed5055"
        },
        "host-environment-markers": {
            "implementation_name": "cpython",
            "implementation_version": "3.4.3",
            "os_name": "posix",
            "platform_machine": "x86_64",
            "platform_python_implementation": "CPython",
            "platform_release": "17.7.0",
            "platform_system": "Darwin",
            "platform_version": "Darwin Kernel Version 17.7.0: Thu Jun 21 22:53:14 PDT 2018; root:xnu-4570.71.2~1/RELEASE_X86_64",
            "python_full_version": "3.4.3",
            "python_version": "3.4",
            "sys_platform": "darwin"
        },
        "pipfile-spec": 6,
        "requires": {
            "python_version": "3.6"
        },
        "sources": [
            {
                "name": "pypi",
                "url": "https://pypi.org/simple",
                "verify_ssl": true
            }
        ]
    },
    "default": {
        "beautifulsoup4": {
            "hashes": [],
            "version": "==4.6.3"
        },
        "certifi": {
            "hashes": [],
            "version": "==2018.8.24"
        },
        "chardet": {
            "hashes": [],
            "version": "==3.0.4"
        },
        "idna": {
            "hashes": [],
            "version": "==2.7"
        },
        "requests": {
            "hashes": [],
            "version": "==2.19.1"
        },
        "selenium": {
            "hashes": [],
            "version": "==3.14.1"
        },
        "urllib3": {
            "hashes": [],
            "version": "==1.23"
        }
    },
    "develop": {}
}
